
Microsoft Visual Studio Solution File, Format Version 12.00
# Visual Studio 2015
Project("{FAE04EC0-301F-11D3-BF4B-00C04F79EFBC}") = "DataFusion", "DataFusion.csproj", "{837F8FDD-8DBF-7947-1004-8D25202BF3E3}"
EndProject
Project("{FAE04EC0-301F-11D3-BF4B-00C04F79EFBC}") = "DataFusion.Editor", "DataFusion.Editor.csproj", "{06A48384-2BE4-7394-B7C6-E7B2D65B9931}"
EndProject
Global
	GlobalSection(SolutionConfigurationPlatforms) = preSolution
		Debug|Any CPU = Debug|Any CPU
		Release|Any CPU = Release|Any CPU
	EndGlobalSection
	GlobalSection(ProjectConfigurationPlatforms) = postSolution
		{837F8FDD-8DBF-7947-1004-8D25202BF3E3}.Debug|Any CPU.ActiveCfg = Debug|Any CPU
		{837F8FDD-8DBF-7947-1004-8D25202BF3E3}.Debug|Any CPU.Build.0 = Debug|Any CPU
		{837F8FDD-8DBF-7947-1004-8D25202BF3E3}.Release|Any CPU.ActiveCfg = Release|Any CPU
		{837F8FDD-8DBF-7947-1004-8D25202BF3E3}.Release|Any CPU.Build.0 = Release|Any CPU
		{06A48384-2BE4-7394-B7C6-E7B2D65B9931}.Debug|Any CPU.ActiveCfg = Debug|Any CPU
		{06A48384-2BE4-7394-B7C6-E7B2D65B9931}.Debug|Any CPU.Build.0 = Debug|Any CPU
		{06A48384-2BE4-7394-B7C6-E7B2D65B9931}.Release|Any CPU.ActiveCfg = Release|Any CPU
		{06A48384-2BE4-7394-B7C6-E7B2D65B9931}.Release|Any CPU.Build.0 = Release|Any CPU
	EndGlobalSection
	GlobalSection(SolutionProperties) = preSolution
		HideSolutionNode = FALSE
	EndGlobalSection
EndGlobal
